{
    "_meta": {
        "hash": {
            "sha256": "db8508681b3739f218210972d1899095457eead53c472cf0fbb623b352ff9a0e"
        },
        "pipfile-spec": 6,
        "requires": {
            "python_version": "3.8"
        },
        "sources": [
            {
                "name": "pypi",
                "url": "https://pypi.org/simple",
                "verify_ssl": true
            }
        ]
    },
    "default": {
        "attrs": {
            "hashes": [
                "sha256:149e90d6d8ac20db7a955ad60cf0e6881a3f20d37096140088356da6c716b0b1",
                "sha256:ef6aaac3ca6cd92904cdd0d83f629a15f18053ec84e6432106f7a4d04ae4f5fb"
            ],
            "version": "==21.2.0"
        },
        "aws-cdk-aws-dynamodb": {
            "hashes": [
                "sha256:be6cc6a5bc8db0d284f42e3076d9113932cfede687b5858287256e330f63122a"
            ],
            "index": "pypi",
            "version": "==1.132.0"
        },
        "aws-cdk-aws-iam": {
            "hashes": [
                "sha256:9d03c1c67f75140492d818cc2faf43528ae5ba236184e786c971e26e870d4d9b"
            ],
            "index": "pypi",
            "version": "==1.132.0"
        },
        "aws-cdk-aws-stepfunctions": {
            "hashes": [
                "sha256:35484ec07a8c7f168f6880fd98a705b376d8428e6071e69b6936ad32ef3f7da9"
            ],
            "index": "pypi",
            "version": "==1.132.0"
        },
        "aws-cdk-aws-stepfunctions-tasks": {
            "hashes": [
                "sha256:3ea616353f84226b65a9469bb81624ae4fed68ee4497c359e4024cf639ea7009"
            ],
            "index": "pypi",
            "version": "==1.132.0"
        },
        "aws-cdk.assets": {
            "hashes": [
                "sha256:1a89ab130c14b9691a3f24461fce8ed866f3ac98722648fb1c3ca4011f41ad91",
                "sha256:904fc19df0ac4537e57300ea8100f41e8c5041762a75ca4fd93a80f1bf8ab4f9"
            ],
            "version": "==1.132.0"
        },
        "aws-cdk.aws-acmpca": {
            "hashes": [
                "sha256:5c42ed96efee9f8b9b45c1ca26387a393a181a088c930cff2cec970c4258d359",
                "sha256:6ebe2f4b9f5a75587c2a6e4eaa2daa1a6abd7aac4c1edf7499a5544a3f62100f"
            ],
            "version": "==1.132.0"
        },
        "aws-cdk.aws-apigateway": {
            "hashes": [
                "sha256:0cb82f25aa2ef4a396c18a1c7b3c9100688add7f770727c45fe6fa6331d3bc29",
                "sha256:557ef9361719a221c64b86405fba196dc1a1931fa94c8342432ab2d12e682a59"
            ],
            "version": "==1.132.0"
        },
        "aws-cdk.aws-applicationautoscaling": {
            "hashes": [
                "sha256:b17377bfc7562f0b68c75577d48d025ae44f4b25d8b407c81eb01b72ecf159bd",
                "sha256:d0b9294c0a3e35d0996c98cfe8ee46fb035538b425612de101088335cc316ec8"
            ],
            "version": "==1.132.0"
        },
        "aws-cdk.aws-autoscaling": {
            "hashes": [
                "sha256:2cfbb61314bb3c03343173dba1f41d8a4fb6f715859abef6246171647e022dc3",
                "sha256:58e82ce30a6bfcd9a98350ee076f33c611100d3bcf31dbe86e73ec310c668e32"
            ],
            "version": "==1.132.0"
        },
        "aws-cdk.aws-autoscaling-common": {
            "hashes": [
                "sha256:c237947806c9701ae91223260eb9f5733246018d1b261d9b5ddd024bc59f76c3",
                "sha256:c5f3d3cce8af199b1bc923ca6a9d16098a37e1ad1dcd9effea4e1666f5bc44eb"
            ],
            "version": "==1.132.0"
        },
        "aws-cdk.aws-autoscaling-hooktargets": {
            "hashes": [
                "sha256:6f3d724fa0e5e1f22333156353687125ea17aebc15795c8a2b23f3cc6e98b64d",
                "sha256:93d95200c23c6c4362243967f9ef047c7fc69a9637c8e4e8b060b764022bcb80"
            ],
            "version": "==1.132.0"
        },
        "aws-cdk.aws-certificatemanager": {
            "hashes": [
                "sha256:2e1ea0e97d5febb557b58c8748ff5cb9f01db0b45cac664370ee15cae561ed30",
                "sha256:5e8e80a17ea10a78df3cbb74b542e17f4575e1ac3572bf64e80d7361cc0bfd24"
            ],
            "version": "==1.132.0"
        },
        "aws-cdk.aws-cloudformation": {
            "hashes": [
                "sha256:46459b95c624643f24e1349c84a7781c9a44ce8a23000f27ce52e729afccd976",
                "sha256:d4835786b03f25a1390602549e5f245e5b5574e18f2c5cfddb3fb16c72f4d2ac"
            ],
            "version": "==1.132.0"
        },
        "aws-cdk.aws-cloudfront": {
            "hashes": [
                "sha256:24e6b2f77a624493ed3156cc668e00175eee38e2932639b2baa9087c7a59028f",
                "sha256:b1355ed743165ce77768c7a045541ac280ccf868abae6c1af53f7404cb71dd93"
            ],
            "version": "==1.132.0"
        },
        "aws-cdk.aws-cloudwatch": {
            "hashes": [
                "sha256:308f7f3d110ad531e9eb3a92d936ddb2209807df2a6a023cf465fc325fc719d9",
                "sha256:8b4391b7e0fe40c0489deb4c8c7e5bf6e7004bfa46b1988a8a707f1ebba376bd"
            ],
            "version": "==1.132.0"
        },
        "aws-cdk.aws-codebuild": {
            "hashes": [
                "sha256:3084c3c6392f11261e5b4e82dcadf154c20628fad6ee1e58143d45d77d88e8de",
                "sha256:df182681c221cb13eb2b47cae8406d3c1ad7c0d37ca9370d1381e7490623f97e"
            ],
            "version": "==1.132.0"
        },
        "aws-cdk.aws-codecommit": {
            "hashes": [
                "sha256:2856ea50685aabe895890b458f4f128c8e4959624dce7849c2e347b0d072358c",
                "sha256:f84275d993f010e5ab39e289541ba4cc5d5fff91227bbf11e5726465bd5ebba7"
            ],
            "version": "==1.132.0"
        },
        "aws-cdk.aws-codeguruprofiler": {
            "hashes": [
                "sha256:e91f54594dbc03e5460a42298737e5207b0f20fe15af165c5cba226705775a2d",
                "sha256:ec7db622b95437d2dc1fa40e41b7dc3ad0beed7a7a3ee77eaf97af394ed73f56"
            ],
            "version": "==1.132.0"
        },
        "aws-cdk.aws-codestarnotifications": {
            "hashes": [
                "sha256:87c6b8668ebe24c1d291953f84fb1a40a92f5747f5eceba5858b2b2bfb69948e",
                "sha256:f68e9bf0b4350b98cab04d69f9fc9172afceb1301c9a413c0584dec0cd832bc4"
            ],
            "version": "==1.132.0"
        },
        "aws-cdk.aws-cognito": {
            "hashes": [
                "sha256:64339770c3196705a3c4d95d08340a557ebf0fee04ec211241d5cb14fe5e1954",
                "sha256:88feaec541a201ac540c48bc890d8676d6d674cac371aae6ee810f4411ec9c42"
            ],
            "version": "==1.132.0"
        },
        "aws-cdk.aws-dynamodb": {
            "hashes": [
                "sha256:80ab7eca313ed189807c13c7964a0444d6754b925b5290d43dc76a2d5c79a443",
                "sha256:be6cc6a5bc8db0d284f42e3076d9113932cfede687b5858287256e330f63122a"
            ],
            "version": "==1.132.0"
        },
        "aws-cdk.aws-ec2": {
            "hashes": [
                "sha256:213ea512829c9cf01d91ebfb210571c12d2063016cb68b0a9f4ddbeb2a3045f3",
                "sha256:93527dccde46e731b30bdfe0721085e4da034e038719a33c93eee456c30ccf9e"
            ],
            "version": "==1.132.0"
        },
        "aws-cdk.aws-ecr": {
            "hashes": [
                "sha256:126f8f7344952a244f9b6b7197e456898e19b0006b5e1abdf61ced46f6d2c4af",
                "sha256:28029c05a254d26b95e3ad6717b13e397702d8ea7dcbed1c14647f06ab455c95"
            ],
            "version": "==1.132.0"
        },
        "aws-cdk.aws-ecr-assets": {
            "hashes": [
                "sha256:0d6d70d636c461022a5f77ff082e896a1ac317a1fd29730f8f4abf8c5eb1dcb7",
                "sha256:2510696e00c9d433f7fd330346d58ef01740eff3bcc0909e2198a4dcc9176e27"
            ],
            "version": "==1.132.0"
        },
        "aws-cdk.aws-ecs": {
            "hashes": [
                "sha256:7c81b5a9921c2a718e9f7a5da4f7f4f041f8a51a85003cfc3f78c89c488e2fd7",
                "sha256:7e0fdcd802e3f0975c1515e02afff64dd20ededb5d76c06c3033dadabaad2424"
            ],
            "version": "==1.132.0"
        },
        "aws-cdk.aws-efs": {
            "hashes": [
                "sha256:0879612a1348391f5b2b5f49af91cf1b44745929fd68f5a619134f0be5c1199a",
                "sha256:8437c9301172c5e19e402ea63a53d2c6909e2d21bbfe02ab36d43d4eedf4b759"
            ],
            "version": "==1.132.0"
        },
        "aws-cdk.aws-eks": {
            "hashes": [
                "sha256:16862a67c49e50543073e8e9965a6ad4902681de5adbf581460fbe3be653fb61",
                "sha256:28db3418f4d2b95c4e159ee8337b280115113ee84bbb3894e1bfa9689fce6604"
            ],
            "version": "==1.132.0"
        },
        "aws-cdk.aws-elasticloadbalancing": {
            "hashes": [
                "sha256:99e23cd4fddc3c7f47d6d7cd469d67e9667ce71d9f19a011a3b4eb11cdf18af9",
                "sha256:d648348b011da70afb8020c0f8464280ed5e4f89a1af647f0b25c1d8bc67689d"
            ],
            "version": "==1.132.0"
        },
        "aws-cdk.aws-elasticloadbalancingv2": {
            "hashes": [
                "sha256:0c040ff8b68e6e067a5f11fd4705c9310044731caef530cdbf5d275270662b3e",
                "sha256:60c0422b900b42bbe098b73947017eb8334aaac9544ea405421322f5a31e796a"
            ],
            "version": "==1.132.0"
        },
        "aws-cdk.aws-events": {
            "hashes": [
                "sha256:94d53d759cb4c7b753af118fc22f189b58c111e1a1f86673017f414edfa1d9a0",
                "sha256:e6a45347a403ed9fb3902d20aa43c0b8b68c63972ed62a8d49920264135981f5"
            ],
            "version": "==1.132.0"
        },
        "aws-cdk.aws-globalaccelerator": {
            "hashes": [
                "sha256:12bd8e9f569665527e62b6293712be404323896436e40a6e0d0fe4601c54fafa",
                "sha256:76b10bf18600a0c074a728e9cf60961d8680576b0806d52f83ae7e3bd4b02549"
            ],
            "version": "==1.132.0"
        },
        "aws-cdk.aws-iam": {
            "hashes": [
                "sha256:7a46396a19d6d712b9bed523a4bcc8aeb3acdad8f42032e48692eddf848dbbf3",
                "sha256:9d03c1c67f75140492d818cc2faf43528ae5ba236184e786c971e26e870d4d9b"
            ],
            "version": "==1.132.0"
        },
        "aws-cdk.aws-kinesis": {
            "hashes": [
                "sha256:05727fbc40509555b4f25f3bf8c73a84f2ce23e1f08954d1ca29dbf82269f6b1",
                "sha256:600b1799e351d3d31e86705d85002f59d94ae2d4ca37bcbdd31ea71e7cebecc1"
            ],
            "version": "==1.132.0"
        },
        "aws-cdk.aws-kms": {
            "hashes": [
                "sha256:5499fecb8baec1c9ff046f9319070b8086a17d389f40d2149a29700a12188e5f",
                "sha256:f50349cfb663af66cd1eb58157717223e460125e2b5e35d2101e8f0184381494"
            ],
            "version": "==1.132.0"
        },
        "aws-cdk.aws-lambda": {
            "hashes": [
                "sha256:9d5607499a116ef63541531aabc7c520557fd52a8eff496bc71f113e5d08d1e4",
                "sha256:d0b04d020f3d5f1760ab0875d6a19ec56ba459efd1ce125cfc3f903d2e1af678"
            ],
            "version": "==1.132.0"
        },
        "aws-cdk.aws-logs": {
            "hashes": [
                "sha256:44fab31393253d4f0d6213a00da194e16b3f3766ede1f405eae4083e3682389a",
                "sha256:463c139dcd768ddd5f2c37007d667cb2c2f459c03eb083d59fef11a13c39d05d"
            ],
            "version": "==1.132.0"
        },
        "aws-cdk.aws-route53": {
            "hashes": [
                "sha256:89e995fc36a57309565d603fe95f96f5eab99d94c1df2a1fc245354a07280e05",
                "sha256:d4e0b763d0d7d0ac3e750c998b5299e6908d8d7ac16d18af6614256ff9f30c3f"
            ],
            "version": "==1.132.0"
        },
        "aws-cdk.aws-route53-targets": {
            "hashes": [
                "sha256:7518605304f6df64e8f5c5723f894ab44ef3a3499ffbdc9f79f304d02fec4dba",
                "sha256:c0ac57503b8e05f96172fc3f7c3781523a36af526d172399ec424c8da55dafc7"
            ],
            "version": "==1.132.0"
        },
        "aws-cdk.aws-s3": {
            "hashes": [
                "sha256:3143449c740653357db27fa546112b894ce0df4b1b9989992b67eb7548f0c275",
                "sha256:e720699f8e1e39ced252a93c320ec6efd9b1a839190944ab9a4817a431910cf9"
            ],
            "version": "==1.132.0"
        },
        "aws-cdk.aws-s3-assets": {
            "hashes": [
                "sha256:7986048ff227037ceae041d703c9f91874a36b5c7bf071dec4c4c356a72c4545",
                "sha256:7f7cbda33ac7ef8cb7ea0e0668cc6e28d68f15a1e4da0a3b282d044f73c3bc06"
            ],
            "version": "==1.132.0"
        },
        "aws-cdk.aws-sam": {
            "hashes": [
                "sha256:2118f1e7d1d3da4ccd5a3b2a59aaf97b44727a3fee872b6aa991fe1c4ceb7f39",
                "sha256:ebd3243a2401c9e5e5e00b68aa931c272ea0cc6f5f92b4a6566d63ae597cc574"
            ],
            "version": "==1.132.0"
        },
        "aws-cdk.aws-secretsmanager": {
            "hashes": [
                "sha256:426544abee1663fae2eaee77c11bef0ee0e08ee9d4ef1f7f1ece7d0287a7f5c5",
                "sha256:d681370485e24d38ed4c174927042fb68562c9649d356e4f82ead8d7ef372825"
            ],
            "version": "==1.132.0"
        },
        "aws-cdk.aws-servicediscovery": {
            "hashes": [
                "sha256:d2394be6ec61eeb3f001ad6f6f537120e26c54d77e195966c9965da66a7f04f9",
                "sha256:d240bceae2118862dfded8014647fe1bb9ebd83bb50cb82aa515f0d3fd99cf9e"
            ],
            "version": "==1.132.0"
        },
        "aws-cdk.aws-signer": {
            "hashes": [
                "sha256:77e2011b5174c9c5218c6a055551e96a91c9fdd880a9beb402974714b72cbfce",
                "sha256:7f2b436cc912e16f8ed00eadc8968da55ccdfb20eb65666008c2a3566d16a5ba"
            ],
            "version": "==1.132.0"
        },
        "aws-cdk.aws-sns": {
            "hashes": [
                "sha256:2dcb71064908a9727257d66cb9c5b19e73f170ca62a141b6709caadf815d0b00",
                "sha256:5bffed301971ac78d85aba9d72329b6488002586a2bc4e35b8ca61392f841e51"
            ],
            "version": "==1.132.0"
        },
        "aws-cdk.aws-sns-subscriptions": {
            "hashes": [
                "sha256:2e773e1e0ac2d317298fdb915ef76433c1cb8d2192bc9f063294039a0521a960",
                "sha256:60ef99947f4f5ae6b15bad8c7dac184f2ccc139fb2dd554448da30a499f03b19"
            ],
            "version": "==1.132.0"
        },
        "aws-cdk.aws-sqs": {
            "hashes": [
                "sha256:3723a86c34c7f5706244e9c5cd74b5bd1f543caaf0941e835ca92177d7d6b976",
                "sha256:5403b259d1f1cda4b498e2baf9bafc20426395f3e5b74532f8d9f7cbf63b25f6"
            ],
            "version": "==1.132.0"
        },
        "aws-cdk.aws-ssm": {
            "hashes": [
                "sha256:04d5f61e86f84fd85e2f6d79e278dbd519063b717372ee35a768c1f8d1396dfe",
                "sha256:2f4537253235f3075fedef05a3234730901bf6455e0b094a3cbf2133e8786f5e"
            ],
            "version": "==1.132.0"
        },
        "aws-cdk.aws-stepfunctions": {
            "hashes": [
                "sha256:35484ec07a8c7f168f6880fd98a705b376d8428e6071e69b6936ad32ef3f7da9",
                "sha256:e5ab9496d89a6f94c39f9889cbf911339c2c390f7fab8c5f6dfa88ef70a32e29"
            ],
            "version": "==1.132.0"
        },
        "aws-cdk.cloud-assembly-schema": {
            "hashes": [
                "sha256:2f98d0a5f852755da2b1f8cf5de8ae796b97f413c6245ffcb57afaf9d3ecaea1",
                "sha256:e729fa72e72ea21e0b33c9c8c1a6463ad0faed56fa891b18c363f0848a6b0b7b"
            ],
            "version": "==1.132.0"
        },
        "aws-cdk.core": {
            "hashes": [
                "sha256:b947c5e237a7226adb7140f1ed502c17a6098bdb79f5254ece0cd5db43856c1e",
                "sha256:c5ac5d68710d08bc983516cacefba680a042e8c60d86ba6a1a47c412d42dcbe2"
            ],
            "version": "==1.132.0"
        },
        "aws-cdk.custom-resources": {
            "hashes": [
                "sha256:9cbd2a2eff07cc1e009818f185b72e3870c8b9f3ca37388956200a1f2868978d",
                "sha256:fd526193ed9fe66727ec63ffb926a3190379fd12eff178bc3502e0b0fe40717e"
            ],
            "version": "==1.132.0"
        },
        "aws-cdk.cx-api": {
            "hashes": [
                "sha256:cfd4b2da3bd53c0ee82601f743981392105b7c6590bcd58e04155aa4e5fc26aa",
                "sha256:da081acb99f35c0549a882a122bd5068804dd6d153c9f58bc85b250cfbe599c5"
            ],
            "version": "==1.132.0"
        },
        "aws-cdk.lambda-layer-awscli": {
            "hashes": [
                "sha256:30579d950a922b0a168031dd6a438058bdbf44d68db113118e48b719d88662ea",
                "sha256:3bacbf0d7fec81b7c5cece5d98bfbce5633d222c31ae99e7973a8a6acb8a58ef"
            ],
            "version": "==1.132.0"
        },
        "aws-cdk.lambda-layer-kubectl": {
            "hashes": [
                "sha256:1f0000e62d13d24fc10b37cbfa269008f50c34e7af18d9fe2430931d5e21a621",
                "sha256:dfedcb86ce3d80a186bdc71766d3042b0a8ad8f9a526a0e0a48947b1adee2ee0"
            ],
            "version": "==1.132.0"
        },
        "aws-cdk.lambda-layer-node-proxy-agent": {
            "hashes": [
                "sha256:8b13cc829575f6d7f8d8914f54c994e201a673e21cdb96e96fb07ba1c665674c",
                "sha256:a02b5d8989923b2c58bd831e013e6f728ab914ce0e40414f35ea7802291ecb88"
            ],
            "version": "==1.132.0"
        },
        "aws-cdk.region-info": {
            "hashes": [
                "sha256:4c2c056d3a2f9242dc7a75c386141d90cf01185a0022ad90859c1d9b5cd01b37",
                "sha256:e9dd3c17f89e6037d7f22351de2302c43254dfc5bbee421bf9b355cd3ad67d23"
            ],
            "version": "==1.132.0"
        },
        "cattrs": {
            "hashes": [
                "sha256:5c121ab06a7cac494813c228721a7feb5a6423b17316eeaebf13f5a03e5b0d53",
                "sha256:901fb2040529ae8fc9d93f48a2cdf7de3e983312ffb2a164ffa4e9847f253af1"
            ],
            "markers": "python_version >= '3.7'",
            "version": "==1.8.0"
        },
        "constructs": {
            "hashes": [
                "sha256:2b33c412ff0f1d21205d85f778e4594a35c9c98b65cb47fea7533fbe40de1730",
                "sha256:3215f2a3628584ad8e6a5ebabf4e1cc0b125367f2347e6fa0d9ccfd735ac2bbb"
            ],
            "version": "==3.3.161"
        },
        "jsii": {
            "hashes": [
                "sha256:116d12f96b751ba66de44953a4e77c914724dd23da980d988f77ce0f995da6a2",
                "sha256:ea63d9f0764bc024f0ad1070d3376b79fd52814b16c0eb58e07a24a7a807b578"
            ],
            "version": "==1.43.0"
        },
        "publication": {
            "hashes": [
                "sha256:0248885351febc11d8a1098d5c8e3ab2dabcf3e8c0c96db1e17ecd12b53afbe6",
                "sha256:68416a0de76dddcdd2930d1c8ef853a743cc96c82416c4e4d3b5d901c6276dc4"
            ],
            "version": "==0.0.3"
        },
        "python-dateutil": {
            "hashes": [
                "sha256:0123cacc1627ae19ddf3c27a5de5bd67ee4586fbdd6440d9748f8abb483d3e86",
                "sha256:961d03dc3453ebbc59dbdea9e4e11c5651520a876d0f4db161e8674aae935da9"
            ],
            "version": "==2.8.2"
        },
        "six": {
            "hashes": [
                "sha256:1e61c37477a1626458e36f7b1d82aa5c9b094fa4802892072e49de9c60c4c926",
                "sha256:8abb2f1d86890a2dfb989f9a77cfcfd3e47c2a354b01111771326f8aa26e0254"
            ],
            "version": "==1.16.0"
        },
        "step-function-sdk": {
            "editable": true,
            "file": "file:///Users/Roy.BenYosef/dev/step-function-sdk"
        },
        "typing-extensions": {
            "hashes": [
                "sha256:49f75d16ff11f1cd258e1b988ccff82a3ca5570217d7ad8c5f48205dd99a677e",
                "sha256:d8226d10bc02a29bcc81df19a26e56a9647f8b0a6d4a83924139f4a8b01f17b7",
                "sha256:f1d25edafde516b146ecd0613dabcc61409817af4766fbbcfb8d1ad4ec441a34"
            ],
            "version": "==3.10.0.2"
        }
    },
    "develop": {}
}
